<?xml version="1.0" encoding="utf-8"?>
<Project ToolsVersion="4.0" xmlns="http://schemas.microsoft.com/developer/msbuild/2003">
  <ItemGroup>
    <Filter Include="Include">
      <UniqueIdentifier>{94238952-bef6-4603-8aaf-8d8504181b4c}</UniqueIdentifier>
    </Filter>
    <Filter Include="zipExtension">
      <UniqueIdentifier>{f7e6d250-3b75-4a4c-a0ce-b8cccc46b1a7}</UniqueIdentifier>
    </Filter>
    <Filter Include="zipExtension\include">
      <UniqueIdentifier>{2e30dccd-1abd-469a-9728-8725f3bd1489}</UniqueIdentifier>
    </Filter>
  </ItemGroup>
  <ItemGroup>
    <ClInclude Include="..\Shared\core\CFileSystem.h">
      <Filter>Include</Filter>
    </ClInclude>
    <ClInclude Include="..\Shared\core\CFileSystem.Utils.hxx">
      <Filter>Include</Filter>
    </ClInclude>
    <ClInclude Include="..\Shared\core\CFileSystemInterface.h">
      <Filter>Include</Filter>
    </ClInclude>
    <ClInclude Include="StdInc.h">
      <Filter>Include</Filter>
    </ClInclude>
    <ClInclude Include="..\Shared\core\fsinternal\CFileSystem.internal.h">
      <Filter>Include</Filter>
    </ClInclude>
    <ClInclude Include="..\Shared\core\fsinternal\CFileSystem.stream.buffered.h">
      <Filter>Include</Filter>
    </ClInclude>
    <ClInclude Include="..\Shared\core\fsinternal\CFileSystem.stream.raw.h">
      <Filter>Include</Filter>
    </ClInclude>
    <ClInclude Include="..\Shared\core\fsinternal\CFileSystem.translator.pathutil.h">
      <Filter>Include</Filter>
    </ClInclude>
    <ClInclude Include="..\Shared\core\fsinternal\CFileSystem.translator.system.h">
      <Filter>Include</Filter>
    </ClInclude>
    <ClInclude Include="..\Shared\core\fsinternal\CFileSystem.common.h">
      <Filter>Include</Filter>
    </ClInclude>
    <ClInclude Include="..\Shared\core\fsinternal\CFileSystem.zip.internal.h">
      <Filter>zipExtension\include</Filter>
    </ClInclude>
    <ClInclude Include="..\Shared\core\fsinternal\CFileSystem.zip.utils.hxx">
      <Filter>zipExtension\include</Filter>
    </ClInclude>
    <ClInclude Include="..\Shared\core\CFileSystem.zip.h">
      <Filter>zipExtension\include</Filter>
    </ClInclude>
  </ItemGroup>
  <ItemGroup>
    <ClCompile Include="..\Shared\core\CFileSystem.cpp" />
    <ClCompile Include="main.cpp" />
    <ClCompile Include="..\Shared\core\fsinternal\CFileSystem.translator.pathutil.cpp" />
    <ClCompile Include="..\Shared\core\fsinternal\CFileSystem.translator.system.cpp" />
    <ClCompile Include="..\Shared\core\fsinternal\CFileSystem.stream.buffered.cpp" />
    <ClCompile Include="..\Shared\core\fsinternal\CFileSystem.stream.raw.cpp" />
    <ClCompile Include="..\Shared\core\fsinternal\CFileSystem.zip.translator.cpp">
      <Filter>zipExtension</Filter>
    </ClCompile>
    <ClCompile Include="..\Shared\core\CFileSystem.zip.cpp">
      <Filter>zipExtension</Filter>
    </ClCompile>
  </ItemGroup>
</Project>