
Microsoft Visual Studio Solution File, Format Version 10.00
# Visual Studio 2008
Project("{8BC9CEB8-8B4A-11D0-8D11-00A0C91BC942}") = "PS2 export tool", "PS2 export tool.vcproj", "{6047812D-E55A-4E09-8390-5A8DF055531D}"
	ProjectSection(ProjectDependencies) = postProject
		{3D409405-B557-4BB6-B9E1-43215019E381} = {3D409405-B557-4BB6-B9E1-43215019E381}
		{6E793DA8-5641-4BBB-BCB0-43BF10682E14} = {6E793DA8-5641-4BBB-BCB0-43BF10682E14}
	EndProjectSection
EndProject
Project("{8BC9CEB8-8B4A-11D0-8D11-00A0C91BC942}") = "FileSystem", "..\..\FileSystem\FileSystem.vcproj", "{6E793DA8-5641-4BBB-BCB0-43BF10682E14}"
EndProject
Project("{8BC9CEB8-8B4A-11D0-8D11-00A0C91BC942}") = "rwtools", "..\modded_vendor\rwtools-master\rwtools\rwtools.vcproj", "{3D409405-B557-4BB6-B9E1-43215019E381}"
EndProject
Project("{8BC9CEB8-8B4A-11D0-8D11-00A0C91BC942}") = "ps2txdgen", "..\other\ps2txdgen\ps2txdgen.vcproj", "{31E63D18-2B04-41D3-9A0C-23AFD8F01C8D}"
	ProjectSection(ProjectDependencies) = postProject
		{3D409405-B557-4BB6-B9E1-43215019E381} = {3D409405-B557-4BB6-B9E1-43215019E381}
		{6E793DA8-5641-4BBB-BCB0-43BF10682E14} = {6E793DA8-5641-4BBB-BCB0-43BF10682E14}
	EndProjectSection
EndProject
Project("{8BC9CEB8-8B4A-11D0-8D11-00A0C91BC942}") = "txdimport", "..\other\txdimport\txdimport.vcproj", "{9B13EDC5-E329-45C3-9224-C8C710EE25B5}"
EndProject
Project("{8BC9CEB8-8B4A-11D0-8D11-00A0C91BC942}") = "imgimport", "..\other\imgimport\imgimport.vcproj", "{1958CEA3-F030-4D95-B689-FAB865681653}"
	ProjectSection(ProjectDependencies) = postProject
		{6E793DA8-5641-4BBB-BCB0-43BF10682E14} = {6E793DA8-5641-4BBB-BCB0-43BF10682E14}
	EndProjectSection
EndProject
Project("{8BC9CEB8-8B4A-11D0-8D11-00A0C91BC942}") = "squish", "..\vendor\squish-1.11\vs9\squish\squish.vcproj", "{6A8518C3-D81A-4428-BD7F-C37933088AC1}"
EndProject
Project("{8BC9CEB8-8B4A-11D0-8D11-00A0C91BC942}") = "streamingopt", "..\other\streamingopt\streamingopt.vcproj", "{CB20F630-48BB-4B81-B116-6614796EED4F}"
EndProject
Global
	GlobalSection(SolutionConfigurationPlatforms) = preSolution
		Debug|Win32 = Debug|Win32
		Release|Win32 = Release|Win32
	EndGlobalSection
	GlobalSection(ProjectConfigurationPlatforms) = postSolution
		{6047812D-E55A-4E09-8390-5A8DF055531D}.Debug|Win32.ActiveCfg = Debug|Win32
		{6047812D-E55A-4E09-8390-5A8DF055531D}.Debug|Win32.Build.0 = Debug|Win32
		{6047812D-E55A-4E09-8390-5A8DF055531D}.Release|Win32.ActiveCfg = Release|Win32
		{6047812D-E55A-4E09-8390-5A8DF055531D}.Release|Win32.Build.0 = Release|Win32
		{6E793DA8-5641-4BBB-BCB0-43BF10682E14}.Debug|Win32.ActiveCfg = Debug|Win32
		{6E793DA8-5641-4BBB-BCB0-43BF10682E14}.Debug|Win32.Build.0 = Debug|Win32
		{6E793DA8-5641-4BBB-BCB0-43BF10682E14}.Release|Win32.ActiveCfg = Release|Win32
		{6E793DA8-5641-4BBB-BCB0-43BF10682E14}.Release|Win32.Build.0 = Release|Win32
		{3D409405-B557-4BB6-B9E1-43215019E381}.Debug|Win32.ActiveCfg = Debug|Win32
		{3D409405-B557-4BB6-B9E1-43215019E381}.Debug|Win32.Build.0 = Debug|Win32
		{3D409405-B557-4BB6-B9E1-43215019E381}.Release|Win32.ActiveCfg = Release|Win32
		{3D409405-B557-4BB6-B9E1-43215019E381}.Release|Win32.Build.0 = Release|Win32
		{31E63D18-2B04-41D3-9A0C-23AFD8F01C8D}.Debug|Win32.ActiveCfg = Debug|Win32
		{31E63D18-2B04-41D3-9A0C-23AFD8F01C8D}.Debug|Win32.Build.0 = Debug|Win32
		{31E63D18-2B04-41D3-9A0C-23AFD8F01C8D}.Release|Win32.ActiveCfg = Release|Win32
		{31E63D18-2B04-41D3-9A0C-23AFD8F01C8D}.Release|Win32.Build.0 = Release|Win32
		{9B13EDC5-E329-45C3-9224-C8C710EE25B5}.Debug|Win32.ActiveCfg = Debug|Win32
		{9B13EDC5-E329-45C3-9224-C8C710EE25B5}.Debug|Win32.Build.0 = Debug|Win32
		{9B13EDC5-E329-45C3-9224-C8C710EE25B5}.Release|Win32.ActiveCfg = Release|Win32
		{9B13EDC5-E329-45C3-9224-C8C710EE25B5}.Release|Win32.Build.0 = Release|Win32
		{1958CEA3-F030-4D95-B689-FAB865681653}.Debug|Win32.ActiveCfg = Debug|Win32
		{1958CEA3-F030-4D95-B689-FAB865681653}.Debug|Win32.Build.0 = Debug|Win32
		{1958CEA3-F030-4D95-B689-FAB865681653}.Release|Win32.ActiveCfg = Release|Win32
		{1958CEA3-F030-4D95-B689-FAB865681653}.Release|Win32.Build.0 = Release|Win32
		{6A8518C3-D81A-4428-BD7F-C37933088AC1}.Debug|Win32.ActiveCfg = Debug|Win32
		{6A8518C3-D81A-4428-BD7F-C37933088AC1}.Debug|Win32.Build.0 = Debug|Win32
		{6A8518C3-D81A-4428-BD7F-C37933088AC1}.Release|Win32.ActiveCfg = Release|Win32
		{6A8518C3-D81A-4428-BD7F-C37933088AC1}.Release|Win32.Build.0 = Release|Win32
		{CB20F630-48BB-4B81-B116-6614796EED4F}.Debug|Win32.ActiveCfg = Debug|Win32
		{CB20F630-48BB-4B81-B116-6614796EED4F}.Debug|Win32.Build.0 = Debug|Win32
		{CB20F630-48BB-4B81-B116-6614796EED4F}.Release|Win32.ActiveCfg = Release|Win32
		{CB20F630-48BB-4B81-B116-6614796EED4F}.Release|Win32.Build.0 = Release|Win32
	EndGlobalSection
	GlobalSection(SolutionProperties) = preSolution
		HideSolutionNode = FALSE
	EndGlobalSection
EndGlobal
